PODS:
  - camera_desktop (0.1.0):
    - FlutterMacOS
  - file_selector_macos (0.0.1):
    - FlutterMacOS
  - flutter_litert (0.0.1):
    - FlutterMacOS
  - FlutterMacOS (1.0.0)
  - path_provider_foundation (0.0.1):
    - Flutter
    - FlutterMacOS
  - pose_detection (0.0.1):
    - FlutterMacOS

DEPENDENCIES:
  - camera_desktop (from `Flutter/ephemeral/.symlinks/plugins/camera_desktop/macos`)
  - file_selector_macos (from `Flutter/ephemeral/.symlinks/plugins/file_selector_macos/macos`)
  - flutter_litert (from `Flutter/ephemeral/.symlinks/plugins/flutter_litert/macos`)
  - FlutterMacOS (from `Flutter/ephemeral`)
  - path_provider_foundation (from `Flutter/ephemeral/.symlinks/plugins/path_provider_foundation/darwin`)
  - pose_detection (from `Flutter/ephemeral/.symlinks/plugins/pose_detection/macos`)

EXTERNAL SOURCES:
  camera_desktop:
    :path: Flutter/ephemeral/.symlinks/plugins/camera_desktop/macos
  file_selector_macos:
    :path: Flutter/ephemeral/.symlinks/plugins/file_selector_macos/macos
  flutter_litert:
    :path: Flutter/ephemeral/.symlinks/plugins/flutter_litert/macos
  FlutterMacOS:
    :path: Flutter/ephemeral
  path_provider_foundation:
    :path: Flutter/ephemeral/.symlinks/plugins/path_provider_foundation/darwin
  pose_detection:
    :path: Flutter/ephemeral/.symlinks/plugins/pose_detection/macos

SPEC CHECKSUMS:
  camera_desktop: a004fbc4af601b913417413333c0c14000ea9a3f
  file_selector_macos: 9e9e068e90ebee155097d00e89ae91edb2374db7
  flutter_litert: 1bbe6e8757c574ab66044233b98353f34eaa7e29
  FlutterMacOS: d0db08ddef1a9af05a5ec4b724367152bb0500b1
  path_provider_foundation: bb55f6dbba17d0dccd6737fe6f7f34fbd0376880
  pose_detection: 8a12cf80f99233c528ef3640d2cdae9831a36709

PODFILE CHECKSUM: 346bfb2deb41d4a6ebd6f6799f92188bde2d246f

COCOAPODS: 1.16.2
